
Microsoft Visual Studio Solution File, Format Version 12.00
# Visual Studio Version 17
VisualStudioVersion = 17.6.33712.159
MinimumVisualStudioVersion = 10.0.40219.1
Project("{FAE04EC0-301F-11D3-BF4B-00C04F79EFBC}") = "WindowsFormsApp1", "WindowsFormsApp1\WindowsFormsApp1.csproj", "{AB9E9CC7-66F0-47BF-9751-6914764C21FE}"
EndProject
Global
	GlobalSection(SolutionConfigurationPlatforms) = preSolution
		Debug|Any CPU = Debug|Any CPU
		Debug|x64 = Debug|x64
		Release|Any CPU = Release|Any CPU
		Release|x64 = Release|x64
	EndGlobalSection
	GlobalSection(ProjectConfigurationPlatforms) = postSolution
		{AB9E9CC7-66F0-47BF-9751-6914764C21FE}.Debug|Any CPU.ActiveCfg = Debug|Any CPU
		{AB9E9CC7-66F0-47BF-9751-6914764C21FE}.Debug|Any CPU.Build.0 = Debug|Any CPU
		{AB9E9CC7-66F0-47BF-9751-6914764C21FE}.Debug|x64.ActiveCfg = Debug|x64
		{AB9E9CC7-66F0-47BF-9751-6914764C21FE}.Debug|x64.Build.0 = Debug|x64
		{AB9E9CC7-66F0-47BF-9751-6914764C21FE}.Release|Any CPU.ActiveCfg = Release|Any CPU
		{AB9E9CC7-66F0-47BF-9751-6914764C21FE}.Release|Any CPU.Build.0 = Release|Any CPU
		{AB9E9CC7-66F0-47BF-9751-6914764C21FE}.Release|x64.ActiveCfg = Release|x64
		{AB9E9CC7-66F0-47BF-9751-6914764C21FE}.Release|x64.Build.0 = Release|x64
	EndGlobalSection
	GlobalSection(SolutionProperties) = preSolution
		HideSolutionNode = FALSE
	EndGlobalSection
	GlobalSection(ExtensibilityGlobals) = postSolution
		SolutionGuid = {C6CB58A1-28BE-41FB-9E9A-A8CEDBF110F3}
	EndGlobalSection
EndGlobal
